
Microsoft Visual Studio Solution File, Format Version 12.00
Project("{FAE04EC0-301F-11D3-BF4B-00C04F79EFBC}") = "Matrix", "Matrix\Matrix.csproj", "{CCE5D2ED-45F8-4369-BBDA-7C4E75076D4D}"
EndProject
Project("{FAE04EC0-301F-11D3-BF4B-00C04F79EFBC}") = "APSP", "APSP\APSP.csproj", "{4E009CF2-F5DC-40C6-9DB4-B308C414AF6E}"
EndProject
Project("{FAE04EC0-301F-11D3-BF4B-00C04F79EFBC}") = "TransitiveClosure", "TransitiveClosure\TransitiveClosure.csproj", "{C1376ABC-6C1F-4D13-BD88-4B08FADB66A1}"
EndProject
Project("{FAE04EC0-301F-11D3-BF4B-00C04F79EFBC}") = "Tests", "Tests\Tests.csproj", "{C2984937-4CB6-4B96-AA2B-6DF8A7A08789}"
EndProject
Global
	GlobalSection(SolutionConfigurationPlatforms) = preSolution
		Debug|Any CPU = Debug|Any CPU
		Release|Any CPU = Release|Any CPU
	EndGlobalSection
	GlobalSection(ProjectConfigurationPlatforms) = postSolution
		{CCE5D2ED-45F8-4369-BBDA-7C4E75076D4D}.Debug|Any CPU.ActiveCfg = Debug|Any CPU
		{CCE5D2ED-45F8-4369-BBDA-7C4E75076D4D}.Debug|Any CPU.Build.0 = Debug|Any CPU
		{CCE5D2ED-45F8-4369-BBDA-7C4E75076D4D}.Release|Any CPU.ActiveCfg = Release|Any CPU
		{CCE5D2ED-45F8-4369-BBDA-7C4E75076D4D}.Release|Any CPU.Build.0 = Release|Any CPU
		{4E009CF2-F5DC-40C6-9DB4-B308C414AF6E}.Debug|Any CPU.ActiveCfg = Debug|Any CPU
		{4E009CF2-F5DC-40C6-9DB4-B308C414AF6E}.Debug|Any CPU.Build.0 = Debug|Any CPU
		{4E009CF2-F5DC-40C6-9DB4-B308C414AF6E}.Release|Any CPU.ActiveCfg = Release|Any CPU
		{4E009CF2-F5DC-40C6-9DB4-B308C414AF6E}.Release|Any CPU.Build.0 = Release|Any CPU
		{C1376ABC-6C1F-4D13-BD88-4B08FADB66A1}.Debug|Any CPU.ActiveCfg = Debug|Any CPU
		{C1376ABC-6C1F-4D13-BD88-4B08FADB66A1}.Debug|Any CPU.Build.0 = Debug|Any CPU
		{C1376ABC-6C1F-4D13-BD88-4B08FADB66A1}.Release|Any CPU.ActiveCfg = Release|Any CPU
		{C1376ABC-6C1F-4D13-BD88-4B08FADB66A1}.Release|Any CPU.Build.0 = Release|Any CPU
		{C2984937-4CB6-4B96-AA2B-6DF8A7A08789}.Debug|Any CPU.ActiveCfg = Debug|Any CPU
		{C2984937-4CB6-4B96-AA2B-6DF8A7A08789}.Debug|Any CPU.Build.0 = Debug|Any CPU
		{C2984937-4CB6-4B96-AA2B-6DF8A7A08789}.Release|Any CPU.ActiveCfg = Release|Any CPU
		{C2984937-4CB6-4B96-AA2B-6DF8A7A08789}.Release|Any CPU.Build.0 = Release|Any CPU
	EndGlobalSection
EndGlobal
