
Microsoft Visual Studio Solution File, Format Version 12.00
# Visual Studio Version 16
VisualStudioVersion = 16.0.808.10
MinimumVisualStudioVersion = 10.0.40219.1
Project("{FAE04EC0-301F-11D3-BF4B-00C04F79EFBC}") = "Tests", "Tests\Tests.csproj", "{EA964E1D-6133-412E-94F3-EFA2AAA2F002}"
EndProject
Project("{FAE04EC0-301F-11D3-BF4B-00C04F79EFBC}") = "APSP", "APSP\APSP.csproj", "{F92807E4-557B-4D3E-AB22-548C4DFFF192}"
EndProject
Project("{FAE04EC0-301F-11D3-BF4B-00C04F79EFBC}") = "GenMatrix", "GenMatrix\GenMatrix.csproj", "{6C936B4D-F3A6-428C-B17A-B6BB395FF96B}"
EndProject
Project("{FAE04EC0-301F-11D3-BF4B-00C04F79EFBC}") = "TransitiveClosure", "TransitiveClosure\TransitiveClosure.csproj", "{909C1F4D-7DF1-4407-9A65-D5683B30BA9E}"
EndProject
Global
	GlobalSection(SolutionConfigurationPlatforms) = preSolution
		Debug|anycpu = Debug|anycpu
		Release|anycpu = Release|anycpu
	EndGlobalSection
	GlobalSection(ProjectConfigurationPlatforms) = postSolution
		{EA964E1D-6133-412E-94F3-EFA2AAA2F002}.Debug|anycpu.ActiveCfg = Debug|Any CPU
		{EA964E1D-6133-412E-94F3-EFA2AAA2F002}.Debug|anycpu.Build.0 = Debug|Any CPU
		{EA964E1D-6133-412E-94F3-EFA2AAA2F002}.Release|anycpu.ActiveCfg = Release|Any CPU
		{EA964E1D-6133-412E-94F3-EFA2AAA2F002}.Release|anycpu.Build.0 = Release|Any CPU
		{F92807E4-557B-4D3E-AB22-548C4DFFF192}.Debug|anycpu.ActiveCfg = Debug|Any CPU
		{F92807E4-557B-4D3E-AB22-548C4DFFF192}.Debug|anycpu.Build.0 = Debug|Any CPU
		{F92807E4-557B-4D3E-AB22-548C4DFFF192}.Release|anycpu.ActiveCfg = Release|Any CPU
		{F92807E4-557B-4D3E-AB22-548C4DFFF192}.Release|anycpu.Build.0 = Release|Any CPU
		{6C936B4D-F3A6-428C-B17A-B6BB395FF96B}.Debug|anycpu.ActiveCfg = Debug|Any CPU
		{6C936B4D-F3A6-428C-B17A-B6BB395FF96B}.Debug|anycpu.Build.0 = Debug|Any CPU
		{6C936B4D-F3A6-428C-B17A-B6BB395FF96B}.Release|anycpu.ActiveCfg = Release|Any CPU
		{6C936B4D-F3A6-428C-B17A-B6BB395FF96B}.Release|anycpu.Build.0 = Release|Any CPU
		{909C1F4D-7DF1-4407-9A65-D5683B30BA9E}.Debug|anycpu.ActiveCfg = Debug|Any CPU
		{909C1F4D-7DF1-4407-9A65-D5683B30BA9E}.Debug|anycpu.Build.0 = Debug|Any CPU
		{909C1F4D-7DF1-4407-9A65-D5683B30BA9E}.Release|anycpu.ActiveCfg = Release|Any CPU
		{909C1F4D-7DF1-4407-9A65-D5683B30BA9E}.Release|anycpu.Build.0 = Release|Any CPU
	EndGlobalSection
	GlobalSection(SolutionProperties) = preSolution
		HideSolutionNode = FALSE
	EndGlobalSection
	GlobalSection(ExtensibilityGlobals) = postSolution
		SolutionGuid = {3EF35694-8F15-4FE5-9FB4-A07691CA6C24}
	EndGlobalSection
EndGlobal
