
Microsoft Visual Studio Solution File, Format Version 12.00
Project("{F2A71F9B-5D33-465A-A702-920D77279786}") = "MatrixGeneratorCLI", "MatrixGeneratorCLI\MatrixGeneratorCLI.fsproj", "{C61AD67E-7131-4AF9-AA5C-822CE68EC906}"
EndProject
Project("{F2A71F9B-5D33-465A-A702-920D77279786}") = "Core", "..\..\FsharpTasks\Core\Core.fsproj", "{B3561B94-E82C-4BAF-8EB9-5F68AE03760C}"
EndProject
Global
	GlobalSection(SolutionConfigurationPlatforms) = preSolution
		Debug|Any CPU = Debug|Any CPU
		Release|Any CPU = Release|Any CPU
	EndGlobalSection
	GlobalSection(ProjectConfigurationPlatforms) = postSolution
		{C61AD67E-7131-4AF9-AA5C-822CE68EC906}.Debug|Any CPU.ActiveCfg = Debug|Any CPU
		{C61AD67E-7131-4AF9-AA5C-822CE68EC906}.Debug|Any CPU.Build.0 = Debug|Any CPU
		{C61AD67E-7131-4AF9-AA5C-822CE68EC906}.Release|Any CPU.ActiveCfg = Release|Any CPU
		{C61AD67E-7131-4AF9-AA5C-822CE68EC906}.Release|Any CPU.Build.0 = Release|Any CPU
		{B3561B94-E82C-4BAF-8EB9-5F68AE03760C}.Debug|Any CPU.ActiveCfg = Debug|Any CPU
		{B3561B94-E82C-4BAF-8EB9-5F68AE03760C}.Debug|Any CPU.Build.0 = Debug|Any CPU
		{B3561B94-E82C-4BAF-8EB9-5F68AE03760C}.Release|Any CPU.ActiveCfg = Release|Any CPU
		{B3561B94-E82C-4BAF-8EB9-5F68AE03760C}.Release|Any CPU.Build.0 = Release|Any CPU
	EndGlobalSection
EndGlobal
